
Microsoft Visual Studio Solution File, Format Version 12.00
# Visual Studio Version 16
VisualStudioVersion = 16.0.29728.190
MinimumVisualStudioVersion = 10.0.40219.1
Project("{8BC9CEB8-8B4A-11D0-8D11-00A0C91BC942}") = "groupextend", "groupextend.vcxproj", "{1526BC87-BEE5-4C42-8BD5-A94FDC94692C}"
EndProject
Global
	GlobalSection(SolutionConfigurationPlatforms) = preSolution
		Debug|x64 = Debug|x64
		Debug|x86 = Debug|x86
		Release|x64 = Release|x64
		Release|x86 = Release|x86
	EndGlobalSection
	GlobalSection(ProjectConfigurationPlatforms) = postSolution
		{1526BC87-BEE5-4C42-8BD5-A94FDC94692C}.Debug|x64.ActiveCfg = Debug|x64
		{1526BC87-BEE5-4C42-8BD5-A94FDC94692C}.Debug|x64.Build.0 = Debug|x64
		{1526BC87-BEE5-4C42-8BD5-A94FDC94692C}.Debug|x86.ActiveCfg = Debug|Win32
		{1526BC87-BEE5-4C42-8BD5-A94FDC94692C}.Debug|x86.Build.0 = Debug|Win32
		{1526BC87-BEE5-4C42-8BD5-A94FDC94692C}.Release|x64.ActiveCfg = Release|x64
		{1526BC87-BEE5-4C42-8BD5-A94FDC94692C}.Release|x64.Build.0 = Release|x64
		{1526BC87-BEE5-4C42-8BD5-A94FDC94692C}.Release|x86.ActiveCfg = Release|Win32
		{1526BC87-BEE5-4C42-8BD5-A94FDC94692C}.Release|x86.Build.0 = Release|Win32
	EndGlobalSection
	GlobalSection(SolutionProperties) = preSolution
		HideSolutionNode = FALSE
	EndGlobalSection
	GlobalSection(ExtensibilityGlobals) = postSolution
		SolutionGuid = {476DDCDA-FA9F-4C7E-82A3-29424273B62A}
	EndGlobalSection
EndGlobal
